
Microsoft Visual Studio Solution File, Format Version 12.00
# Visual Studio Version 17
VisualStudioVersion = 17.2.32630.192
MinimumVisualStudioVersion = 10.0.40219.1
Project("{9A19103F-16F7-4668-BE54-9A1E7A4F7556}") = "SMART.ERP.Domain", "SMART.ERP.Domain\SMART.ERP.Domain.csproj", "{79FBFB1B-721D-4F9B-A646-BD8C3C6C13A4}"
EndProject
Project("{9A19103F-16F7-4668-BE54-9A1E7A4F7556}") = "SMART.ERP.Infrastructure", "SMART.ERP.Infrastructure\SMART.ERP.Infrastructure.csproj", "{899816B9-8938-43B8-8F63-3C9D80CB24CF}"
EndProject
Project("{9A19103F-16F7-4668-BE54-9A1E7A4F7556}") = "SMART.ERP.API", "SMART.ERP.API\SMART.ERP.API.csproj", "{2CCCA961-D86D-47FE-8CDA-4B3675660D52}"
EndProject
Project("{2150E333-8FDC-42A3-9474-1A3956D46DE8}") = "API", "API", "{DA2C75E5-104F-4821-BA89-F2C0A71E7A29}"
EndProject
Project("{2150E333-8FDC-42A3-9474-1A3956D46DE8}") = "Domain", "Domain", "{0A36CC9E-A9B2-4E9B-BDFB-2126F4388383}"
EndProject
Project("{2150E333-8FDC-42A3-9474-1A3956D46DE8}") = "Infrastructure", "Infrastructure", "{65902033-9E58-46A2-84A6-C1755708CAB8}"
EndProject
Project("{2150E333-8FDC-42A3-9474-1A3956D46DE8}") = "Application", "Application", "{399FFD1F-D85C-4530-AAF2-8F6831679673}"
EndProject
Project("{9A19103F-16F7-4668-BE54-9A1E7A4F7556}") = "SMART.ERP.Application", "SMART.ERP.Application\SMART.ERP.Application.csproj", "{447A99A1-56CD-40B5-922A-5840DFA23166}"
EndProject
Global
	GlobalSection(SolutionConfigurationPlatforms) = preSolution
		Debug|Any CPU = Debug|Any CPU
		Release|Any CPU = Release|Any CPU
	EndGlobalSection
	GlobalSection(ProjectConfigurationPlatforms) = postSolution
		{79FBFB1B-721D-4F9B-A646-BD8C3C6C13A4}.Debug|Any CPU.ActiveCfg = Debug|Any CPU
		{79FBFB1B-721D-4F9B-A646-BD8C3C6C13A4}.Debug|Any CPU.Build.0 = Debug|Any CPU
		{79FBFB1B-721D-4F9B-A646-BD8C3C6C13A4}.Release|Any CPU.ActiveCfg = Release|Any CPU
		{79FBFB1B-721D-4F9B-A646-BD8C3C6C13A4}.Release|Any CPU.Build.0 = Release|Any CPU
		{899816B9-8938-43B8-8F63-3C9D80CB24CF}.Debug|Any CPU.ActiveCfg = Debug|Any CPU
		{899816B9-8938-43B8-8F63-3C9D80CB24CF}.Debug|Any CPU.Build.0 = Debug|Any CPU
		{899816B9-8938-43B8-8F63-3C9D80CB24CF}.Release|Any CPU.ActiveCfg = Release|Any CPU
		{899816B9-8938-43B8-8F63-3C9D80CB24CF}.Release|Any CPU.Build.0 = Release|Any CPU
		{2CCCA961-D86D-47FE-8CDA-4B3675660D52}.Debug|Any CPU.ActiveCfg = Debug|Any CPU
		{2CCCA961-D86D-47FE-8CDA-4B3675660D52}.Debug|Any CPU.Build.0 = Debug|Any CPU
		{2CCCA961-D86D-47FE-8CDA-4B3675660D52}.Release|Any CPU.ActiveCfg = Release|Any CPU
		{2CCCA961-D86D-47FE-8CDA-4B3675660D52}.Release|Any CPU.Build.0 = Release|Any CPU
		{447A99A1-56CD-40B5-922A-5840DFA23166}.Debug|Any CPU.ActiveCfg = Debug|Any CPU
		{447A99A1-56CD-40B5-922A-5840DFA23166}.Debug|Any CPU.Build.0 = Debug|Any CPU
		{447A99A1-56CD-40B5-922A-5840DFA23166}.Release|Any CPU.ActiveCfg = Release|Any CPU
		{447A99A1-56CD-40B5-922A-5840DFA23166}.Release|Any CPU.Build.0 = Release|Any CPU
	EndGlobalSection
	GlobalSection(SolutionProperties) = preSolution
		HideSolutionNode = FALSE
	EndGlobalSection
	GlobalSection(NestedProjects) = preSolution
		{79FBFB1B-721D-4F9B-A646-BD8C3C6C13A4} = {0A36CC9E-A9B2-4E9B-BDFB-2126F4388383}
		{899816B9-8938-43B8-8F63-3C9D80CB24CF} = {65902033-9E58-46A2-84A6-C1755708CAB8}
		{2CCCA961-D86D-47FE-8CDA-4B3675660D52} = {DA2C75E5-104F-4821-BA89-F2C0A71E7A29}
		{447A99A1-56CD-40B5-922A-5840DFA23166} = {399FFD1F-D85C-4530-AAF2-8F6831679673}
	EndGlobalSection
	GlobalSection(ExtensibilityGlobals) = postSolution
		SolutionGuid = {E8601E90-91D9-4DC3-9CC5-4E09FE97E969}
	EndGlobalSection
EndGlobal
